
Microsoft Visual Studio Solution File, Format Version 12.00
# Visual Studio 15
VisualStudioVersion = 15.0.27130.2026
MinimumVisualStudioVersion = 10.0.40219.1
Project("{FAE04EC0-301F-11D3-BF4B-00C04F79EFBC}") = "Commision.io", "Commision.io WPF add\Commision.io.csproj", "{CC060B95-1B87-4796-A530-8FA7B689E428}"
EndProject
Project("{FAE04EC0-301F-11D3-BF4B-00C04F79EFBC}") = "View Data", "View Data\View Data.csproj", "{4344E231-6578-4371-8EBB-7C03A3E83C16}"
EndProject
Global
	GlobalSection(SolutionConfigurationPlatforms) = preSolution
		Debug|Any CPU = Debug|Any CPU
		Release|Any CPU = Release|Any CPU
	EndGlobalSection
	GlobalSection(ProjectConfigurationPlatforms) = postSolution
		{CC060B95-1B87-4796-A530-8FA7B689E428}.Debug|Any CPU.ActiveCfg = Debug|Any CPU
		{CC060B95-1B87-4796-A530-8FA7B689E428}.Debug|Any CPU.Build.0 = Debug|Any CPU
		{CC060B95-1B87-4796-A530-8FA7B689E428}.Release|Any CPU.ActiveCfg = Release|Any CPU
		{CC060B95-1B87-4796-A530-8FA7B689E428}.Release|Any CPU.Build.0 = Release|Any CPU
		{4344E231-6578-4371-8EBB-7C03A3E83C16}.Debug|Any CPU.ActiveCfg = Debug|Any CPU
		{4344E231-6578-4371-8EBB-7C03A3E83C16}.Debug|Any CPU.Build.0 = Debug|Any CPU
		{4344E231-6578-4371-8EBB-7C03A3E83C16}.Release|Any CPU.ActiveCfg = Release|Any CPU
		{4344E231-6578-4371-8EBB-7C03A3E83C16}.Release|Any CPU.Build.0 = Release|Any CPU
	EndGlobalSection
	GlobalSection(SolutionProperties) = preSolution
		HideSolutionNode = FALSE
	EndGlobalSection
	GlobalSection(ExtensibilityGlobals) = postSolution
		SolutionGuid = {9531EACB-923A-439E-AA99-72D3179C7F7A}
	EndGlobalSection
EndGlobal
